<?xml version="1.0" encoding="utf-8"?>
<Project ToolsVersion="4.0" xmlns="http://schemas.microsoft.com/developer/msbuild/2003">
  <ItemGroup>
    <Filter Include="Source Files">
      <UniqueIdentifier>{4FC737F1-C7A5-4376-A066-2A32D752A2FF}</UniqueIdentifier>
      <Extensions>cpp;c;cc;cxx;def;odl;idl;hpj;bat;asm;asmx</Extensions>
    </Filter>
    <Filter Include="Header Files">
      <UniqueIdentifier>{93995380-89BD-4b04-88EB-625FBE52EBFB}</UniqueIdentifier>
      <Extensions>h;hh;hpp;hxx;hm;inl;inc;xsd</Extensions>
    </Filter>
    <Filter Include="Resource Files">
      <UniqueIdentifier>{67DA6AB6-F800-4c08-8B7A-83BB121AAD01}</UniqueIdentifier>
      <Extensions>rc;ico;cur;bmp;dlg;rc2;rct;bin;rgs;gif;jpg;jpeg;jpe;resx;tiff;tif;png;wav;mfcribbon-ms</Extensions>
    </Filter>
    <Filter Include="Resource Files\Learning">
      <UniqueIdentifier>{1491947e-a300-45e2-9cb1-480955c0c2f8}</UniqueIdentifier>
    </Filter>
    <Filter Include="Resource Files\Shaders">
      <UniqueIdentifier>{c565513f-efc9-4bfa-9c3c-8501617f3ab8}</UniqueIdentifier>
    </Filter>
  </ItemGroup>
  <ItemGroup>
    <ClCompile Include="Utils.cpp">
      <Filter>Source Files</Filter>
    </ClCompile>
    <ClCompile Include="oglplus.cpp">
      <Filter>Source Files</Filter>
    </ClCompile>
    <ClCompile Include="..\..\..\..\..\GL\oglplus\example\oglplus\001_triangle.cpp">
      <Filter>Resource Files\Learning</Filter>
    </ClCompile>
    <ClCompile Include="TrySprite.cpp">
      <Filter>Source Files</Filter>
    </ClCompile>
    <ClCompile Include="Camera.cpp">
      <Filter>Source Files</Filter>
    </ClCompile>
  </ItemGroup>
  <ItemGroup>
    <ClInclude Include="Utils.h">
      <Filter>Header Files</Filter>
    </ClInclude>
    <ClInclude Include="example.hpp">
      <Filter>Header Files</Filter>
    </ClInclude>
    <ClInclude Include="TrySprite.h">
      <Filter>Header Files</Filter>
    </ClInclude>
    <ClInclude Include="Camera.h">
      <Filter>Header Files</Filter>
    </ClInclude>
  </ItemGroup>
  <ItemGroup>
    <None Include="..\Debug\shaders\color_and_pos.fragmentshader">
      <Filter>Resource Files\Shaders</Filter>
    </None>
    <None Include="..\Debug\shaders\color_and_pos.vertexshader">
      <Filter>Resource Files\Shaders</Filter>
    </None>
    <None Include="..\Debug\shaders\mamma.fragmentshader">
      <Filter>Resource Files\Shaders</Filter>
    </None>
    <None Include="..\Debug\shaders\mamma.vertexshader">
      <Filter>Resource Files\Shaders</Filter>
    </None>
    <None Include="..\Debug\shaders\texture.fragmentshader">
      <Filter>Resource Files\Shaders</Filter>
    </None>
    <None Include="..\Debug\shaders\texture.vertexshader">
      <Filter>Resource Files\Shaders</Filter>
    </None>
    <None Include="..\Debug\shaders\3D.fragmentshader">
      <Filter>Resource Files\Shaders</Filter>
    </None>
    <None Include="..\Debug\shaders\3D.vertexshader">
      <Filter>Resource Files\Shaders</Filter>
    </None>
    <None Include="..\Debug\shaders\trans_fs.fragmentshader">
      <Filter>Resource Files\Shaders</Filter>
    </None>
    <None Include="..\Debug\shaders\trans_vs.vertexshader">
      <Filter>Resource Files\Shaders</Filter>
    </None>
  </ItemGroup>
</Project>